
Microsoft Visual Studio Solution File, Format Version 12.00
# Visual Studio Version 16
VisualStudioVersion = 16.0.30517.126
MinimumVisualStudioVersion = 10.0.40219.1
Project("{FAE04EC0-301F-11D3-BF4B-00C04F79EFBC}") = "Host", "Host\Host.csproj", "{8F59BAA4-E127-4264-8C65-C13F8DC65732}"
EndProject
Project("{FAE04EC0-301F-11D3-BF4B-00C04F79EFBC}") = "Logic", "Logic\Logic.csproj", "{07BFAE6A-4B85-4EF0-908E-9D7C7CA531EA}"
EndProject
Project("{FAE04EC0-301F-11D3-BF4B-00C04F79EFBC}") = "UnitTest", "UnitTest\UnitTest.csproj", "{C0C7F574-5782-4031-BC72-6B6D988FC1E8}"
EndProject
Global
	GlobalSection(SolutionConfigurationPlatforms) = preSolution
		Debug|Any CPU = Debug|Any CPU
		Release|Any CPU = Release|Any CPU
	EndGlobalSection
	GlobalSection(ProjectConfigurationPlatforms) = postSolution
		{8F59BAA4-E127-4264-8C65-C13F8DC65732}.Debug|Any CPU.ActiveCfg = Debug|Any CPU
		{8F59BAA4-E127-4264-8C65-C13F8DC65732}.Debug|Any CPU.Build.0 = Debug|Any CPU
		{8F59BAA4-E127-4264-8C65-C13F8DC65732}.Release|Any CPU.ActiveCfg = Release|Any CPU
		{8F59BAA4-E127-4264-8C65-C13F8DC65732}.Release|Any CPU.Build.0 = Release|Any CPU
		{07BFAE6A-4B85-4EF0-908E-9D7C7CA531EA}.Debug|Any CPU.ActiveCfg = Debug|Any CPU
		{07BFAE6A-4B85-4EF0-908E-9D7C7CA531EA}.Debug|Any CPU.Build.0 = Debug|Any CPU
		{07BFAE6A-4B85-4EF0-908E-9D7C7CA531EA}.Release|Any CPU.ActiveCfg = Release|Any CPU
		{07BFAE6A-4B85-4EF0-908E-9D7C7CA531EA}.Release|Any CPU.Build.0 = Release|Any CPU
		{C0C7F574-5782-4031-BC72-6B6D988FC1E8}.Debug|Any CPU.ActiveCfg = Debug|Any CPU
		{C0C7F574-5782-4031-BC72-6B6D988FC1E8}.Debug|Any CPU.Build.0 = Debug|Any CPU
		{C0C7F574-5782-4031-BC72-6B6D988FC1E8}.Release|Any CPU.ActiveCfg = Release|Any CPU
		{C0C7F574-5782-4031-BC72-6B6D988FC1E8}.Release|Any CPU.Build.0 = Release|Any CPU
	EndGlobalSection
	GlobalSection(SolutionProperties) = preSolution
		HideSolutionNode = FALSE
	EndGlobalSection
	GlobalSection(ExtensibilityGlobals) = postSolution
		SolutionGuid = {8A9E7ABA-A381-41C8-8147-0DDF6E54847B}
	EndGlobalSection
EndGlobal
